# THIS IS AN AUTOGENERATED FILE. DO NOT EDIT THIS FILE DIRECTLY.
# yarn lockfile v1


minimist@0.0.8:
  version "0.0.8"
  resolved "https://registry.yarnpkg.com/minimist/-/minimist-0.0.8.tgz#857fcabfc3397d2625b8228262e86aa7a011b05d"
  integrity sha1-hX/Kv8M5fSYluCKCYuhqp6ARsF0=

mkdirp@^0.5.1:
  version "0.5.1"
  resolved "https://registry.yarnpkg.com/mkdirp/-/mkdirp-0.5.1.tgz#30057438eac6cf7f8c4767f38648d6697d75c903"
  integrity sha1-MAV0OOrGz3+MR2fzhkjWaX11yQM=
  dependencies:
    minimist "0.0.8"

nan@^2.10.0:
  version "2.11.1"
  resolved "https://registry.yarnpkg.com/nan/-/nan-2.11.1.tgz#90e22bccb8ca57ea4cd37cc83d3819b52eea6766"
  integrity sha512-iji6k87OSXa0CcrLl9z+ZiYSuR2o+c0bGuNmXdrhTQTakxytAFsC56SArGYoiHlJlFoHSnvmhpceZJaXkVuOtA==

node-webcrypto-ossl@^1.0.38:
  version "1.0.38"
  resolved "https://registry.yarnpkg.com/node-webcrypto-ossl/-/node-webcrypto-ossl-1.0.38.tgz#5b281e020ee90879b995fb2c9232db1eea0fda63"
  integrity sha512-UiQcDiBDNzaZbP0WVgz4QvVTVI4uR4jrFAtOtFsKbDDNOMFWc9+3mVeiF1hVvdLlv3ILC0ODgs8Wp/hp7SMoLA==
  dependencies:
    mkdirp "^0.5.1"
    nan "^2.10.0"
    tslib "^1.9.0"
    webcrypto-core "^0.1.22"

text-encoder@^0.0.4:
  version "0.0.4"
  resolved "https://registry.yarnpkg.com/text-encoder/-/text-encoder-0.0.4.tgz#fbee4c6fb251dd02e2f40f9983ddd68c5c166e2c"
  integrity sha512-12gllbNnC0Zdh9r+LCpEwpUdvncaE9hfUmCVm2ryCH1LEVUZbS6NdRq8omEgJI0zKgaGFTjwQVHbglGDCIbmNA==

tslib@^1.7.1, tslib@^1.9.0:
  version "1.9.3"
  resolved "https://registry.yarnpkg.com/tslib/-/tslib-1.9.3.tgz#d7e4dd79245d85428c4d7e4822a79917954ca286"
  integrity sha512-4krF8scpejhaOgqzBEcGM7yDIEfi0/8+8zDRZhNZZ2kjmHJ4hv3zCbQWxoJGz1iw5U0Jl0nma13xzHXcncMavQ==

webcrypto-core@^0.1.22:
  version "0.1.25"
  resolved "https://registry.yarnpkg.com/webcrypto-core/-/webcrypto-core-0.1.25.tgz#92602cbbf3310fadc671a1446aca336ab3b80e95"
  integrity sha512-BjpHEls+jFGwGngxbX7NR1Swnw3vTF0aAYAd42wulMdxd2MHXAgp1V3ZYlLALEvGu8do5HeZcCNW70JsnR5BFQ==
  dependencies:
    tslib "^1.7.1"
